
Microsoft Visual Studio Solution File, Format Version 12.00
# Visual Studio Version 17
VisualStudioVersion = 17.6.33829.357
MinimumVisualStudioVersion = 10.0.40219.1
Project("{FAE04EC0-301F-11D3-BF4B-00C04F79EFBC}") = "ObjectCalisthenicsPigDice", "ObjectCalisthenicsPigDice.csproj", "{CBF06B78-7185-482C-85F2-22CF39210784}"
EndProject
Global
	GlobalSection(SolutionConfigurationPlatforms) = preSolution
		Debug|Any CPU = Debug|Any CPU
		Release|Any CPU = Release|Any CPU
	EndGlobalSection
	GlobalSection(ProjectConfigurationPlatforms) = postSolution
		{CBF06B78-7185-482C-85F2-22CF39210784}.Debug|Any CPU.ActiveCfg = Debug|Any CPU
		{CBF06B78-7185-482C-85F2-22CF39210784}.Debug|Any CPU.Build.0 = Debug|Any CPU
		{CBF06B78-7185-482C-85F2-22CF39210784}.Release|Any CPU.ActiveCfg = Release|Any CPU
		{CBF06B78-7185-482C-85F2-22CF39210784}.Release|Any CPU.Build.0 = Release|Any CPU
	EndGlobalSection
	GlobalSection(SolutionProperties) = preSolution
		HideSolutionNode = FALSE
	EndGlobalSection
	GlobalSection(ExtensibilityGlobals) = postSolution
		SolutionGuid = {65DAAF32-62D5-4252-851D-EEE961DD05A7}
	EndGlobalSection
EndGlobal
